
Microsoft Visual Studio Solution File, Format Version 12.00
# Visual Studio Version 16
VisualStudioVersion = 16.0.30225.117
MinimumVisualStudioVersion = 10.0.40219.1
Project("{9A19103F-16F7-4668-BE54-9A1E7A4F7556}") = "LoginDemo", "LoginDemo\LoginDemo.csproj", "{C8DFD136-BE26-482A-9B48-A2F1E1D63BBD}"
EndProject
Project("{9A19103F-16F7-4668-BE54-9A1E7A4F7556}") = "TabMenu", "TabMenu\TabMenu.csproj", "{D8F131B3-CEA7-4775-ADED-1D6F0E0C8F9B}"
EndProject
Project("{2150E333-8FDC-42A3-9474-1A3956D46DE8}") = "Login", "Login", "{0D4A6E80-142A-4F85-98DC-A6311D687C32}"
EndProject
Project("{2150E333-8FDC-42A3-9474-1A3956D46DE8}") = "Menu", "Menu", "{002C0E19-7871-4508-AB57-6E8A5683F86E}"
EndProject
Project("{9A19103F-16F7-4668-BE54-9A1E7A4F7556}") = "TabMenu02Drag", "TabMenu02Drag\TabMenu02Drag.csproj", "{9E10758D-9BD8-41B2-8DD8-D34DA1B7FB2C}"
EndProject
Project("{9A19103F-16F7-4668-BE54-9A1E7A4F7556}") = "Navigation", "Navigation\Navigation.csproj", "{F90DEFBC-F34C-4BCE-B565-5F3A623EF6B4}"
EndProject
Project("{2150E333-8FDC-42A3-9474-1A3956D46DE8}") = "Nav", "Nav", "{BC4B100E-86E2-4B09-B156-C76B0B50A269}"
EndProject
Project("{9A19103F-16F7-4668-BE54-9A1E7A4F7556}") = "LoginDemo_02", "LoginDemo_02\LoginDemo_02.csproj", "{B64068C6-EB36-4984-9443-FE4F86A7411D}"
EndProject
Project("{2150E333-8FDC-42A3-9474-1A3956D46DE8}") = "Other", "Other", "{0E99EEDF-DE8A-4A36-965E-1D9B9F54B0D6}"
EndProject
Project("{9A19103F-16F7-4668-BE54-9A1E7A4F7556}") = "Chat", "Chat\Chat.csproj", "{5DA2B458-50C4-4401-AAC7-15B68E5922D7}"
EndProject
Project("{9A19103F-16F7-4668-BE54-9A1E7A4F7556}") = "ConsoleTest", "ConsoleTest\ConsoleTest.csproj", "{E21DABDD-4CC0-48A0-AA84-6616CE0D1306}"
EndProject
Project("{2150E333-8FDC-42A3-9474-1A3956D46DE8}") = "Console", "Console", "{5F812AC5-4B26-4851-B1D3-0CF3A10D6EEC}"
EndProject
Project("{9A19103F-16F7-4668-BE54-9A1E7A4F7556}") = "WpfDemos", "WpfDemos\WpfDemos.csproj", "{704F4177-C72B-43E0-A5D1-82C7E30F524F}"
EndProject
Project("{FAE04EC0-301F-11D3-BF4B-00C04F79EFBC}") = "FileManager", "FileManager\FileManager.csproj", "{4345A1D8-79B7-4743-B8AA-4BEA565E1A18}"
EndProject
Project("{FAE04EC0-301F-11D3-BF4B-00C04F79EFBC}") = "Chat_2", "Chat_2\Chat_2.csproj", "{E2D61978-4FB5-4FE0-B0F9-C9F032AF77B4}"
EndProject
Project("{FAE04EC0-301F-11D3-BF4B-00C04F79EFBC}") = "Demo", "Demo\Demo.csproj", "{6F1009B7-8178-4E43-A9BD-F8DAA588CC8B}"
EndProject
Global
	GlobalSection(SolutionConfigurationPlatforms) = preSolution
		Debug|Any CPU = Debug|Any CPU
		Release|Any CPU = Release|Any CPU
	EndGlobalSection
	GlobalSection(ProjectConfigurationPlatforms) = postSolution
		{C8DFD136-BE26-482A-9B48-A2F1E1D63BBD}.Debug|Any CPU.ActiveCfg = Debug|Any CPU
		{C8DFD136-BE26-482A-9B48-A2F1E1D63BBD}.Debug|Any CPU.Build.0 = Debug|Any CPU
		{C8DFD136-BE26-482A-9B48-A2F1E1D63BBD}.Release|Any CPU.ActiveCfg = Release|Any CPU
		{C8DFD136-BE26-482A-9B48-A2F1E1D63BBD}.Release|Any CPU.Build.0 = Release|Any CPU
		{D8F131B3-CEA7-4775-ADED-1D6F0E0C8F9B}.Debug|Any CPU.ActiveCfg = Debug|Any CPU
		{D8F131B3-CEA7-4775-ADED-1D6F0E0C8F9B}.Debug|Any CPU.Build.0 = Debug|Any CPU
		{D8F131B3-CEA7-4775-ADED-1D6F0E0C8F9B}.Release|Any CPU.ActiveCfg = Release|Any CPU
		{D8F131B3-CEA7-4775-ADED-1D6F0E0C8F9B}.Release|Any CPU.Build.0 = Release|Any CPU
		{9E10758D-9BD8-41B2-8DD8-D34DA1B7FB2C}.Debug|Any CPU.ActiveCfg = Debug|Any CPU
		{9E10758D-9BD8-41B2-8DD8-D34DA1B7FB2C}.Debug|Any CPU.Build.0 = Debug|Any CPU
		{9E10758D-9BD8-41B2-8DD8-D34DA1B7FB2C}.Release|Any CPU.ActiveCfg = Release|Any CPU
		{9E10758D-9BD8-41B2-8DD8-D34DA1B7FB2C}.Release|Any CPU.Build.0 = Release|Any CPU
		{F90DEFBC-F34C-4BCE-B565-5F3A623EF6B4}.Debug|Any CPU.ActiveCfg = Debug|Any CPU
		{F90DEFBC-F34C-4BCE-B565-5F3A623EF6B4}.Debug|Any CPU.Build.0 = Debug|Any CPU
		{F90DEFBC-F34C-4BCE-B565-5F3A623EF6B4}.Release|Any CPU.ActiveCfg = Release|Any CPU
		{F90DEFBC-F34C-4BCE-B565-5F3A623EF6B4}.Release|Any CPU.Build.0 = Release|Any CPU
		{B64068C6-EB36-4984-9443-FE4F86A7411D}.Debug|Any CPU.ActiveCfg = Debug|Any CPU
		{B64068C6-EB36-4984-9443-FE4F86A7411D}.Debug|Any CPU.Build.0 = Debug|Any CPU
		{B64068C6-EB36-4984-9443-FE4F86A7411D}.Release|Any CPU.ActiveCfg = Release|Any CPU
		{B64068C6-EB36-4984-9443-FE4F86A7411D}.Release|Any CPU.Build.0 = Release|Any CPU
		{5DA2B458-50C4-4401-AAC7-15B68E5922D7}.Debug|Any CPU.ActiveCfg = Debug|Any CPU
		{5DA2B458-50C4-4401-AAC7-15B68E5922D7}.Debug|Any CPU.Build.0 = Debug|Any CPU
		{5DA2B458-50C4-4401-AAC7-15B68E5922D7}.Release|Any CPU.ActiveCfg = Release|Any CPU
		{5DA2B458-50C4-4401-AAC7-15B68E5922D7}.Release|Any CPU.Build.0 = Release|Any CPU
		{E21DABDD-4CC0-48A0-AA84-6616CE0D1306}.Debug|Any CPU.ActiveCfg = Debug|Any CPU
		{E21DABDD-4CC0-48A0-AA84-6616CE0D1306}.Debug|Any CPU.Build.0 = Debug|Any CPU
		{E21DABDD-4CC0-48A0-AA84-6616CE0D1306}.Release|Any CPU.ActiveCfg = Release|Any CPU
		{E21DABDD-4CC0-48A0-AA84-6616CE0D1306}.Release|Any CPU.Build.0 = Release|Any CPU
		{704F4177-C72B-43E0-A5D1-82C7E30F524F}.Debug|Any CPU.ActiveCfg = Debug|Any CPU
		{704F4177-C72B-43E0-A5D1-82C7E30F524F}.Debug|Any CPU.Build.0 = Debug|Any CPU
		{704F4177-C72B-43E0-A5D1-82C7E30F524F}.Release|Any CPU.ActiveCfg = Release|Any CPU
		{704F4177-C72B-43E0-A5D1-82C7E30F524F}.Release|Any CPU.Build.0 = Release|Any CPU
		{4345A1D8-79B7-4743-B8AA-4BEA565E1A18}.Debug|Any CPU.ActiveCfg = Debug|Any CPU
		{4345A1D8-79B7-4743-B8AA-4BEA565E1A18}.Debug|Any CPU.Build.0 = Debug|Any CPU
		{4345A1D8-79B7-4743-B8AA-4BEA565E1A18}.Release|Any CPU.ActiveCfg = Release|Any CPU
		{4345A1D8-79B7-4743-B8AA-4BEA565E1A18}.Release|Any CPU.Build.0 = Release|Any CPU
		{E2D61978-4FB5-4FE0-B0F9-C9F032AF77B4}.Debug|Any CPU.ActiveCfg = Debug|Any CPU
		{E2D61978-4FB5-4FE0-B0F9-C9F032AF77B4}.Debug|Any CPU.Build.0 = Debug|Any CPU
		{E2D61978-4FB5-4FE0-B0F9-C9F032AF77B4}.Release|Any CPU.ActiveCfg = Release|Any CPU
		{E2D61978-4FB5-4FE0-B0F9-C9F032AF77B4}.Release|Any CPU.Build.0 = Release|Any CPU
		{6F1009B7-8178-4E43-A9BD-F8DAA588CC8B}.Debug|Any CPU.ActiveCfg = Debug|Any CPU
		{6F1009B7-8178-4E43-A9BD-F8DAA588CC8B}.Debug|Any CPU.Build.0 = Debug|Any CPU
		{6F1009B7-8178-4E43-A9BD-F8DAA588CC8B}.Release|Any CPU.ActiveCfg = Release|Any CPU
		{6F1009B7-8178-4E43-A9BD-F8DAA588CC8B}.Release|Any CPU.Build.0 = Release|Any CPU
	EndGlobalSection
	GlobalSection(SolutionProperties) = preSolution
		HideSolutionNode = FALSE
	EndGlobalSection
	GlobalSection(NestedProjects) = preSolution
		{C8DFD136-BE26-482A-9B48-A2F1E1D63BBD} = {0D4A6E80-142A-4F85-98DC-A6311D687C32}
		{D8F131B3-CEA7-4775-ADED-1D6F0E0C8F9B} = {002C0E19-7871-4508-AB57-6E8A5683F86E}
		{9E10758D-9BD8-41B2-8DD8-D34DA1B7FB2C} = {002C0E19-7871-4508-AB57-6E8A5683F86E}
		{F90DEFBC-F34C-4BCE-B565-5F3A623EF6B4} = {BC4B100E-86E2-4B09-B156-C76B0B50A269}
		{B64068C6-EB36-4984-9443-FE4F86A7411D} = {0D4A6E80-142A-4F85-98DC-A6311D687C32}
		{5DA2B458-50C4-4401-AAC7-15B68E5922D7} = {0E99EEDF-DE8A-4A36-965E-1D9B9F54B0D6}
		{E21DABDD-4CC0-48A0-AA84-6616CE0D1306} = {5F812AC5-4B26-4851-B1D3-0CF3A10D6EEC}
		{704F4177-C72B-43E0-A5D1-82C7E30F524F} = {0E99EEDF-DE8A-4A36-965E-1D9B9F54B0D6}
		{4345A1D8-79B7-4743-B8AA-4BEA565E1A18} = {0E99EEDF-DE8A-4A36-965E-1D9B9F54B0D6}
		{E2D61978-4FB5-4FE0-B0F9-C9F032AF77B4} = {0E99EEDF-DE8A-4A36-965E-1D9B9F54B0D6}
		{6F1009B7-8178-4E43-A9BD-F8DAA588CC8B} = {0E99EEDF-DE8A-4A36-965E-1D9B9F54B0D6}
	EndGlobalSection
	GlobalSection(ExtensibilityGlobals) = postSolution
		SolutionGuid = {578623A8-9DDE-4CCA-894D-82001D47197E}
	EndGlobalSection
EndGlobal
